
Microsoft Visual Studio Solution File, Format Version 12.00
# Visual Studio Version 17
VisualStudioVersion = 17.8.34511.84
MinimumVisualStudioVersion = 10.0.40219.1
Project("{FAE04EC0-301F-11D3-BF4B-00C04F79EFBC}") = "DishesAPI", "DishesAPI.csproj", "{84B4E1FE-6C72-4851-AD34-0A99B37EAFFB}"
EndProject
Global
	GlobalSection(SolutionConfigurationPlatforms) = preSolution
		Debug|Any CPU = Debug|Any CPU
		Release|Any CPU = Release|Any CPU
	EndGlobalSection
	GlobalSection(ProjectConfigurationPlatforms) = postSolution
		{84B4E1FE-6C72-4851-AD34-0A99B37EAFFB}.Debug|Any CPU.ActiveCfg = Debug|Any CPU
		{84B4E1FE-6C72-4851-AD34-0A99B37EAFFB}.Debug|Any CPU.Build.0 = Debug|Any CPU
		{84B4E1FE-6C72-4851-AD34-0A99B37EAFFB}.Release|Any CPU.ActiveCfg = Release|Any CPU
		{84B4E1FE-6C72-4851-AD34-0A99B37EAFFB}.Release|Any CPU.Build.0 = Release|Any CPU
	EndGlobalSection
	GlobalSection(SolutionProperties) = preSolution
		HideSolutionNode = FALSE
	EndGlobalSection
	GlobalSection(ExtensibilityGlobals) = postSolution
		SolutionGuid = {E8D14959-EB41-41FD-A74E-D9E514928F8D}
	EndGlobalSection
EndGlobal
